
Microsoft Visual Studio Solution File, Format Version 12.00
# Visual Studio Version 17
VisualStudioVersion = 17.10.35027.167
MinimumVisualStudioVersion = 10.0.40219.1
Project("{FAE04EC0-301F-11D3-BF4B-00C04F79EFBC}") = "RevueCrafters", "RevueCrafters\RevueCrafters.csproj", "{0F8EC5E1-5EC6-492E-A201-10F02FB59051}"
EndProject
Global
	GlobalSection(SolutionConfigurationPlatforms) = preSolution
		Debug|Any CPU = Debug|Any CPU
		Release|Any CPU = Release|Any CPU
	EndGlobalSection
	GlobalSection(ProjectConfigurationPlatforms) = postSolution
		{0F8EC5E1-5EC6-492E-A201-10F02FB59051}.Debug|Any CPU.ActiveCfg = Debug|Any CPU
		{0F8EC5E1-5EC6-492E-A201-10F02FB59051}.Debug|Any CPU.Build.0 = Debug|Any CPU
		{0F8EC5E1-5EC6-492E-A201-10F02FB59051}.Release|Any CPU.ActiveCfg = Release|Any CPU
		{0F8EC5E1-5EC6-492E-A201-10F02FB59051}.Release|Any CPU.Build.0 = Release|Any CPU
	EndGlobalSection
	GlobalSection(SolutionProperties) = preSolution
		HideSolutionNode = FALSE
	EndGlobalSection
	GlobalSection(ExtensibilityGlobals) = postSolution
		SolutionGuid = {27483936-0A1E-4409-B4A4-E41D121F1B0C}
	EndGlobalSection
EndGlobal
